
Microsoft Visual Studio Solution File, Format Version 12.00
# Visual Studio 15
VisualStudioVersion = 15.0.27130.2036
MinimumVisualStudioVersion = 10.0.40219.1
Project("{FAE04EC0-301F-11D3-BF4B-00C04F79EFBC}") = "RazorViewEg", "RazorViewEg\RazorViewEg.csproj", "{98759044-3060-4C3B-90DF-BE850F9D16DF}"
EndProject
Global
	GlobalSection(SolutionConfigurationPlatforms) = preSolution
		Debug|Any CPU = Debug|Any CPU
		Release|Any CPU = Release|Any CPU
	EndGlobalSection
	GlobalSection(ProjectConfigurationPlatforms) = postSolution
		{98759044-3060-4C3B-90DF-BE850F9D16DF}.Debug|Any CPU.ActiveCfg = Debug|Any CPU
		{98759044-3060-4C3B-90DF-BE850F9D16DF}.Debug|Any CPU.Build.0 = Debug|Any CPU
		{98759044-3060-4C3B-90DF-BE850F9D16DF}.Release|Any CPU.ActiveCfg = Release|Any CPU
		{98759044-3060-4C3B-90DF-BE850F9D16DF}.Release|Any CPU.Build.0 = Release|Any CPU
	EndGlobalSection
	GlobalSection(SolutionProperties) = preSolution
		HideSolutionNode = FALSE
	EndGlobalSection
	GlobalSection(ExtensibilityGlobals) = postSolution
		SolutionGuid = {BDA835FD-7AA0-410A-814B-D7983D07FCDA}
	EndGlobalSection
EndGlobal
