
Microsoft Visual Studio Solution File, Format Version 12.00
# Visual Studio 15
VisualStudioVersion = 15.0.27130.2036
MinimumVisualStudioVersion = 10.0.40219.1
Project("{9A19103F-16F7-4668-BE54-9A1E7A4F7556}") = "GetVsPostWebSite", "GetVsPostWebSite\GetVsPostWebSite.csproj", "{29C2A547-2DBB-4E8C-935A-330FE0C74DA4}"
EndProject
Global
	GlobalSection(SolutionConfigurationPlatforms) = preSolution
		Debug|Any CPU = Debug|Any CPU
		Release|Any CPU = Release|Any CPU
	EndGlobalSection
	GlobalSection(ProjectConfigurationPlatforms) = postSolution
		{29C2A547-2DBB-4E8C-935A-330FE0C74DA4}.Debug|Any CPU.ActiveCfg = Debug|Any CPU
		{29C2A547-2DBB-4E8C-935A-330FE0C74DA4}.Debug|Any CPU.Build.0 = Debug|Any CPU
		{29C2A547-2DBB-4E8C-935A-330FE0C74DA4}.Release|Any CPU.ActiveCfg = Release|Any CPU
		{29C2A547-2DBB-4E8C-935A-330FE0C74DA4}.Release|Any CPU.Build.0 = Release|Any CPU
	EndGlobalSection
	GlobalSection(SolutionProperties) = preSolution
		HideSolutionNode = FALSE
	EndGlobalSection
	GlobalSection(ExtensibilityGlobals) = postSolution
		SolutionGuid = {F83434DE-AB2F-457A-8DB2-23134C1F01A5}
	EndGlobalSection
EndGlobal
