
Microsoft Visual Studio Solution File, Format Version 12.00
# Visual Studio 15
VisualStudioVersion = 15.0.27428.2043
MinimumVisualStudioVersion = 10.0.40219.1
Project("{FAE04EC0-301F-11D3-BF4B-00C04F79EFBC}") = "FirstGitClone-2", "FirstGitClone-2\FirstGitClone-2.csproj", "{278436EE-68F1-4940-9394-31F3094F888A}"
EndProject
Global
	GlobalSection(SolutionConfigurationPlatforms) = preSolution
		Debug|Any CPU = Debug|Any CPU
		Release|Any CPU = Release|Any CPU
	EndGlobalSection
	GlobalSection(ProjectConfigurationPlatforms) = postSolution
		{278436EE-68F1-4940-9394-31F3094F888A}.Debug|Any CPU.ActiveCfg = Debug|Any CPU
		{278436EE-68F1-4940-9394-31F3094F888A}.Debug|Any CPU.Build.0 = Debug|Any CPU
		{278436EE-68F1-4940-9394-31F3094F888A}.Release|Any CPU.ActiveCfg = Release|Any CPU
		{278436EE-68F1-4940-9394-31F3094F888A}.Release|Any CPU.Build.0 = Release|Any CPU
	EndGlobalSection
	GlobalSection(SolutionProperties) = preSolution
		HideSolutionNode = FALSE
	EndGlobalSection
	GlobalSection(ExtensibilityGlobals) = postSolution
		SolutionGuid = {AE0744A6-9D8B-4C8D-B3A9-950AEAA90583}
	EndGlobalSection
EndGlobal
