
Microsoft Visual Studio Solution File, Format Version 12.00
# Visual Studio 15
VisualStudioVersion = 15.0.27428.2043
MinimumVisualStudioVersion = 10.0.40219.1
Project("{9A19103F-16F7-4668-BE54-9A1E7A4F7556}") = "FirstGitClone-2", "FirstGitClone-2\FirstGitClone-2.csproj", "{278436EE-68F1-4940-9394-31F3094F888A}"
EndProject
Project("{9A19103F-16F7-4668-BE54-9A1E7A4F7556}") = "EFCoreClassdesign", "EFCoreClassdesign\EFCoreClassdesign.csproj", "{49C9BB1B-657E-4E47-80DD-6F1AEC4F9CAA}"
EndProject
Project("{9A19103F-16F7-4668-BE54-9A1E7A4F7556}") = "DataAnnotation", "DataAnnotation\DataAnnotation.csproj", "{6E0C0EF4-C333-4B66-BFBD-25F5C7103977}"
EndProject
Project("{FAE04EC0-301F-11D3-BF4B-00C04F79EFBC}") = "OSCBOL", "OSCBOL\OSCBOL.csproj", "{D5473EED-C35A-487A-9BDB-E4911D03419B}"
EndProject
Global
	GlobalSection(SolutionConfigurationPlatforms) = preSolution
		Debug|Any CPU = Debug|Any CPU
		Release|Any CPU = Release|Any CPU
	EndGlobalSection
	GlobalSection(ProjectConfigurationPlatforms) = postSolution
		{278436EE-68F1-4940-9394-31F3094F888A}.Debug|Any CPU.ActiveCfg = Debug|Any CPU
		{278436EE-68F1-4940-9394-31F3094F888A}.Debug|Any CPU.Build.0 = Debug|Any CPU
		{278436EE-68F1-4940-9394-31F3094F888A}.Release|Any CPU.ActiveCfg = Release|Any CPU
		{278436EE-68F1-4940-9394-31F3094F888A}.Release|Any CPU.Build.0 = Release|Any CPU
		{49C9BB1B-657E-4E47-80DD-6F1AEC4F9CAA}.Debug|Any CPU.ActiveCfg = Debug|Any CPU
		{49C9BB1B-657E-4E47-80DD-6F1AEC4F9CAA}.Debug|Any CPU.Build.0 = Debug|Any CPU
		{49C9BB1B-657E-4E47-80DD-6F1AEC4F9CAA}.Release|Any CPU.ActiveCfg = Release|Any CPU
		{49C9BB1B-657E-4E47-80DD-6F1AEC4F9CAA}.Release|Any CPU.Build.0 = Release|Any CPU
		{6E0C0EF4-C333-4B66-BFBD-25F5C7103977}.Debug|Any CPU.ActiveCfg = Debug|Any CPU
		{6E0C0EF4-C333-4B66-BFBD-25F5C7103977}.Debug|Any CPU.Build.0 = Debug|Any CPU
		{6E0C0EF4-C333-4B66-BFBD-25F5C7103977}.Release|Any CPU.ActiveCfg = Release|Any CPU
		{6E0C0EF4-C333-4B66-BFBD-25F5C7103977}.Release|Any CPU.Build.0 = Release|Any CPU
		{D5473EED-C35A-487A-9BDB-E4911D03419B}.Debug|Any CPU.ActiveCfg = Debug|Any CPU
		{D5473EED-C35A-487A-9BDB-E4911D03419B}.Debug|Any CPU.Build.0 = Debug|Any CPU
		{D5473EED-C35A-487A-9BDB-E4911D03419B}.Release|Any CPU.ActiveCfg = Release|Any CPU
		{D5473EED-C35A-487A-9BDB-E4911D03419B}.Release|Any CPU.Build.0 = Release|Any CPU
	EndGlobalSection
	GlobalSection(SolutionProperties) = preSolution
		HideSolutionNode = FALSE
	EndGlobalSection
	GlobalSection(ExtensibilityGlobals) = postSolution
		SolutionGuid = {AE0744A6-9D8B-4C8D-B3A9-950AEAA90583}
	EndGlobalSection
EndGlobal
